<?xml version="1.0" encoding="utf-8"?>
<Project ToolsVersion="4.0" xmlns="http://schemas.microsoft.com/developer/msbuild/2003">
  <ItemGroup>
    <Filter Include="program">
      <UniqueIdentifier>{0c8d419b-7fbf-46a5-9d30-f09afe1cddfa}</UniqueIdentifier>
    </Filter>
    <Filter Include="program\game">
      <UniqueIdentifier>{7fbf3ba3-7c01-4e64-9745-4a7bee308b1b}</UniqueIdentifier>
    </Filter>
    <Filter Include="program\system">
      <UniqueIdentifier>{025ad2b9-8acc-4c6c-bcd5-2fceeee3257d}</UniqueIdentifier>
    </Filter>
  </ItemGroup>
  <ItemGroup>
    <ClCompile Include="program\Game.cpp">
      <Filter>program</Filter>
    </ClCompile>
    <ClCompile Include="program\Main.cpp">
      <Filter>program</Filter>
    </ClCompile>
    <ClCompile Include="program\Base.cpp">
      <Filter>program\game</Filter>
    </ClCompile>
    <ClCompile Include="program\Npc.cpp">
      <Filter>program\game</Filter>
    </ClCompile>
    <ClCompile Include="program\Character.cpp">
      <Filter>program\game</Filter>
    </ClCompile>
    <ClCompile Include="program\Hit.cpp">
      <Filter>program\system</Filter>
    </ClCompile>
    <ClCompile Include="program\Random.cpp">
      <Filter>program\system</Filter>
    </ClCompile>
    <ClCompile Include="program\Float2.cpp">
      <Filter>program\system</Filter>
    </ClCompile>
    <ClCompile Include="program\Npc2.cpp">
      <Filter>program\game</Filter>
    </ClCompile>
    <ClCompile Include="program\Tower.cpp">
      <Filter>program\game</Filter>
    </ClCompile>
    <ClCompile Include="program\DefenseGate.cpp">
      <Filter>program\game</Filter>
    </ClCompile>
    <ClCompile Include="program\Npc3.cpp">
      <Filter>program\game</Filter>
    </ClCompile>
  </ItemGroup>
  <ItemGroup>
    <ClInclude Include="program\Game.h">
      <Filter>program</Filter>
    </ClInclude>
    <ClInclude Include="program\Main.h">
      <Filter>program</Filter>
    </ClInclude>
    <ClInclude Include="program\Base.h">
      <Filter>program\game</Filter>
    </ClInclude>
    <ClInclude Include="program\Npc.h">
      <Filter>program\game</Filter>
    </ClInclude>
    <ClInclude Include="program\Character.h">
      <Filter>program\game</Filter>
    </ClInclude>
    <ClInclude Include="program\Hit.h">
      <Filter>program\system</Filter>
    </ClInclude>
    <ClInclude Include="program\Random.h">
      <Filter>program\system</Filter>
    </ClInclude>
    <ClInclude Include="program\Float2.h">
      <Filter>program\system</Filter>
    </ClInclude>
    <ClInclude Include="program\Npc2.h">
      <Filter>program\game</Filter>
    </ClInclude>
    <ClInclude Include="program\Tower.h">
      <Filter>program\game</Filter>
    </ClInclude>
    <ClInclude Include="program\DefenseGate.h">
      <Filter>program\game</Filter>
    </ClInclude>
    <ClInclude Include="program\Npc3.h">
      <Filter>program\game</Filter>
    </ClInclude>
  </ItemGroup>
</Project>